
Microsoft Visual Studio Solution File, Format Version 12.00
# Visual Studio Version 17
VisualStudioVersion = 17.9.34728.123
MinimumVisualStudioVersion = 10.0.40219.1
Project("{FAE04EC0-301F-11D3-BF4B-00C04F79EFBC}") = "Lab4.Aplikacija", "Lab4.Aplikacija\Lab4.Aplikacija.csproj", "{0B4FCC98-8A19-4ADB-AC0B-42329E45BE94}"
EndProject
Project("{FAE04EC0-301F-11D3-BF4B-00C04F79EFBC}") = "Lab4.Podaci", "Lab4.Podaci\Lab4.Podaci.csproj", "{07054FCE-62AB-486D-A1D9-EB7A393ACB03}"
EndProject
Project("{FAE04EC0-301F-11D3-BF4B-00C04F79EFBC}") = "Lab4.Extensions", "Extensions\Lab4.Extensions.csproj", "{2DC60114-0D0F-4D78-B093-A29CC92F9FFB}"
EndProject
Global
	GlobalSection(SolutionConfigurationPlatforms) = preSolution
		Debug|Any CPU = Debug|Any CPU
		Release|Any CPU = Release|Any CPU
	EndGlobalSection
	GlobalSection(ProjectConfigurationPlatforms) = postSolution
		{0B4FCC98-8A19-4ADB-AC0B-42329E45BE94}.Debug|Any CPU.ActiveCfg = Debug|Any CPU
		{0B4FCC98-8A19-4ADB-AC0B-42329E45BE94}.Debug|Any CPU.Build.0 = Debug|Any CPU
		{0B4FCC98-8A19-4ADB-AC0B-42329E45BE94}.Release|Any CPU.ActiveCfg = Release|Any CPU
		{0B4FCC98-8A19-4ADB-AC0B-42329E45BE94}.Release|Any CPU.Build.0 = Release|Any CPU
		{07054FCE-62AB-486D-A1D9-EB7A393ACB03}.Debug|Any CPU.ActiveCfg = Debug|Any CPU
		{07054FCE-62AB-486D-A1D9-EB7A393ACB03}.Debug|Any CPU.Build.0 = Debug|Any CPU
		{07054FCE-62AB-486D-A1D9-EB7A393ACB03}.Release|Any CPU.ActiveCfg = Release|Any CPU
		{07054FCE-62AB-486D-A1D9-EB7A393ACB03}.Release|Any CPU.Build.0 = Release|Any CPU
		{2DC60114-0D0F-4D78-B093-A29CC92F9FFB}.Debug|Any CPU.ActiveCfg = Debug|Any CPU
		{2DC60114-0D0F-4D78-B093-A29CC92F9FFB}.Debug|Any CPU.Build.0 = Debug|Any CPU
		{2DC60114-0D0F-4D78-B093-A29CC92F9FFB}.Release|Any CPU.ActiveCfg = Release|Any CPU
		{2DC60114-0D0F-4D78-B093-A29CC92F9FFB}.Release|Any CPU.Build.0 = Release|Any CPU
	EndGlobalSection
	GlobalSection(SolutionProperties) = preSolution
		HideSolutionNode = FALSE
	EndGlobalSection
	GlobalSection(ExtensibilityGlobals) = postSolution
		SolutionGuid = {EBACC0E9-0187-4DE5-8A03-ADEE9D388D54}
	EndGlobalSection
EndGlobal
